
Microsoft Visual Studio Solution File, Format Version 12.00
# Visual Studio Version 16
VisualStudioVersion = 16.0.31229.75
MinimumVisualStudioVersion = 10.0.40219.1
Project("{8BC9CEB8-8B4A-11D0-8D11-00A0C91BC942}") = "Project5_23", "Project5_23\Project5_23.vcxproj", "{3EB570FA-E96C-415B-B137-BD808F1C1896}"
EndProject
Global
	GlobalSection(SolutionConfigurationPlatforms) = preSolution
		Debug|x64 = Debug|x64
		Debug|x86 = Debug|x86
		Release|x64 = Release|x64
		Release|x86 = Release|x86
	EndGlobalSection
	GlobalSection(ProjectConfigurationPlatforms) = postSolution
		{3EB570FA-E96C-415B-B137-BD808F1C1896}.Debug|x64.ActiveCfg = Debug|x64
		{3EB570FA-E96C-415B-B137-BD808F1C1896}.Debug|x64.Build.0 = Debug|x64
		{3EB570FA-E96C-415B-B137-BD808F1C1896}.Debug|x86.ActiveCfg = Debug|Win32
		{3EB570FA-E96C-415B-B137-BD808F1C1896}.Debug|x86.Build.0 = Debug|Win32
		{3EB570FA-E96C-415B-B137-BD808F1C1896}.Release|x64.ActiveCfg = Release|x64
		{3EB570FA-E96C-415B-B137-BD808F1C1896}.Release|x64.Build.0 = Release|x64
		{3EB570FA-E96C-415B-B137-BD808F1C1896}.Release|x86.ActiveCfg = Release|Win32
		{3EB570FA-E96C-415B-B137-BD808F1C1896}.Release|x86.Build.0 = Release|Win32
	EndGlobalSection
	GlobalSection(SolutionProperties) = preSolution
		HideSolutionNode = FALSE
	EndGlobalSection
	GlobalSection(ExtensibilityGlobals) = postSolution
		SolutionGuid = {956661E8-2A52-48E0-99F0-85D0E92E64E7}
	EndGlobalSection
EndGlobal
